
Microsoft Visual Studio Solution File, Format Version 12.00
# Visual Studio Version 16
VisualStudioVersion = 16.0.31410.357
MinimumVisualStudioVersion = 10.0.40219.1
Project("{9A19103F-16F7-4668-BE54-9A1E7A4F7556}") = "API", "API\API.csproj", "{EAC6C78C-E779-4B79-BE86-24FB68E5ADF4}"
EndProject
Global
	GlobalSection(SolutionConfigurationPlatforms) = preSolution
		Debug|Any CPU = Debug|Any CPU
		Release|Any CPU = Release|Any CPU
	EndGlobalSection
	GlobalSection(ProjectConfigurationPlatforms) = postSolution
		{EAC6C78C-E779-4B79-BE86-24FB68E5ADF4}.Debug|Any CPU.ActiveCfg = Debug|Any CPU
		{EAC6C78C-E779-4B79-BE86-24FB68E5ADF4}.Debug|Any CPU.Build.0 = Debug|Any CPU
		{EAC6C78C-E779-4B79-BE86-24FB68E5ADF4}.Release|Any CPU.ActiveCfg = Release|Any CPU
		{EAC6C78C-E779-4B79-BE86-24FB68E5ADF4}.Release|Any CPU.Build.0 = Release|Any CPU
	EndGlobalSection
	GlobalSection(SolutionProperties) = preSolution
		HideSolutionNode = FALSE
	EndGlobalSection
	GlobalSection(ExtensibilityGlobals) = postSolution
		SolutionGuid = {F99E4250-54B0-4145-A158-8422EE6641AE}
	EndGlobalSection
EndGlobal
